
Microsoft Visual Studio Solution File, Format Version 12.00
# Visual Studio 2013
VisualStudioVersion = 12.0.31101.0
MinimumVisualStudioVersion = 10.0.40219.1
Project("{2150E333-8FDC-42A3-9474-1A3956D46DE8}") = "UI", "UI", "{9E20F691-9173-4341-90A3-C684237AD7BE}"
EndProject
Project("{FAE04EC0-301F-11D3-BF4B-00C04F79EFBC}") = "ACTReorderList.UI.WebForms", "UI\ACTReorderList.UI.WebForms\ACTReorderList.UI.WebForms.csproj", "{A4664CF1-CF0C-4072-9ED8-C594CAE7B8BB}"
EndProject
Project("{2150E333-8FDC-42A3-9474-1A3956D46DE8}") = "Components", "Components", "{83E7D45F-525E-43D4-AB1D-9CE2B93CB602}"
EndProject
Project("{2150E333-8FDC-42A3-9474-1A3956D46DE8}") = "AjaxControlToolkit", "AjaxControlToolkit", "{9791BF25-33C8-4703-BBAD-67542C22DAD9}"
	ProjectSection(SolutionItems) = preProject
		Components\AjaxControlToolkit\AjaxControlToolkit.dll = Components\AjaxControlToolkit\AjaxControlToolkit.dll
		Components\AjaxControlToolkit\AjaxControlToolkit.pdb = Components\AjaxControlToolkit\AjaxControlToolkit.pdb
	EndProjectSection
EndProject
Project("{2150E333-8FDC-42A3-9474-1A3956D46DE8}") = "pt", "pt", "{3C391ED4-5635-4A4B-884F-3CF66E66F982}"
	ProjectSection(SolutionItems) = preProject
		Components\AjaxControlToolkit\pt\AjaxControlToolkit.resources.dll = Components\AjaxControlToolkit\pt\AjaxControlToolkit.resources.dll
	EndProjectSection
EndProject
Project("{2150E333-8FDC-42A3-9474-1A3956D46DE8}") = "Core", "Core", "{ED493D82-F222-4C04-9FE5-2F2F3CAC7C23}"
EndProject
Project("{FAE04EC0-301F-11D3-BF4B-00C04F79EFBC}") = "ACTReorderList.Core.Domain", "Core\ACTReorderList.Core.Domain\ACTReorderList.Core.Domain.csproj", "{A88C52D5-2E94-4952-B009-C25FA731D452}"
EndProject
Project("{2150E333-8FDC-42A3-9474-1A3956D46DE8}") = "Infra", "Infra", "{FA4FDC2A-A3D7-4906-92EB-003868B4A63B}"
EndProject
Project("{2150E333-8FDC-42A3-9474-1A3956D46DE8}") = "DR", "DR", "{2F4F57CE-D349-4866-BEE3-FE395CBBA245}"
EndProject
Project("{2150E333-8FDC-42A3-9474-1A3956D46DE8}") = "Data", "Data", "{78A7DDC0-1B58-4D6D-B873-506384961244}"
EndProject
Project("{FAE04EC0-301F-11D3-BF4B-00C04F79EFBC}") = "ACTReorderList.DR.Ninject", "DR\ACTReorderList.DR.Ninject\ACTReorderList.DR.Ninject.csproj", "{4656A502-E744-4A41-9D6C-03AC3E5C3CAA}"
EndProject
Project("{2150E333-8FDC-42A3-9474-1A3956D46DE8}") = ".nuget", ".nuget", "{2392BCD3-0B10-4ED9-BA5D-D9C5C25272C9}"
	ProjectSection(SolutionItems) = preProject
		.nuget\NuGet.Config = .nuget\NuGet.Config
		.nuget\NuGet.exe = .nuget\NuGet.exe
		.nuget\NuGet.targets = .nuget\NuGet.targets
	EndProjectSection
EndProject
Global
	GlobalSection(SolutionConfigurationPlatforms) = preSolution
		Debug|Any CPU = Debug|Any CPU
		Release|Any CPU = Release|Any CPU
	EndGlobalSection
	GlobalSection(ProjectConfigurationPlatforms) = postSolution
		{A4664CF1-CF0C-4072-9ED8-C594CAE7B8BB}.Debug|Any CPU.ActiveCfg = Debug|Any CPU
		{A4664CF1-CF0C-4072-9ED8-C594CAE7B8BB}.Debug|Any CPU.Build.0 = Debug|Any CPU
		{A4664CF1-CF0C-4072-9ED8-C594CAE7B8BB}.Release|Any CPU.ActiveCfg = Release|Any CPU
		{A4664CF1-CF0C-4072-9ED8-C594CAE7B8BB}.Release|Any CPU.Build.0 = Release|Any CPU
		{A88C52D5-2E94-4952-B009-C25FA731D452}.Debug|Any CPU.ActiveCfg = Debug|Any CPU
		{A88C52D5-2E94-4952-B009-C25FA731D452}.Debug|Any CPU.Build.0 = Debug|Any CPU
		{A88C52D5-2E94-4952-B009-C25FA731D452}.Release|Any CPU.ActiveCfg = Release|Any CPU
		{A88C52D5-2E94-4952-B009-C25FA731D452}.Release|Any CPU.Build.0 = Release|Any CPU
		{4656A502-E744-4A41-9D6C-03AC3E5C3CAA}.Debug|Any CPU.ActiveCfg = Debug|Any CPU
		{4656A502-E744-4A41-9D6C-03AC3E5C3CAA}.Debug|Any CPU.Build.0 = Debug|Any CPU
		{4656A502-E744-4A41-9D6C-03AC3E5C3CAA}.Release|Any CPU.ActiveCfg = Release|Any CPU
		{4656A502-E744-4A41-9D6C-03AC3E5C3CAA}.Release|Any CPU.Build.0 = Release|Any CPU
	EndGlobalSection
	GlobalSection(SolutionProperties) = preSolution
		HideSolutionNode = FALSE
	EndGlobalSection
	GlobalSection(NestedProjects) = preSolution
		{A4664CF1-CF0C-4072-9ED8-C594CAE7B8BB} = {9E20F691-9173-4341-90A3-C684237AD7BE}
		{9791BF25-33C8-4703-BBAD-67542C22DAD9} = {83E7D45F-525E-43D4-AB1D-9CE2B93CB602}
		{3C391ED4-5635-4A4B-884F-3CF66E66F982} = {9791BF25-33C8-4703-BBAD-67542C22DAD9}
		{A88C52D5-2E94-4952-B009-C25FA731D452} = {ED493D82-F222-4C04-9FE5-2F2F3CAC7C23}
		{78A7DDC0-1B58-4D6D-B873-506384961244} = {FA4FDC2A-A3D7-4906-92EB-003868B4A63B}
		{4656A502-E744-4A41-9D6C-03AC3E5C3CAA} = {2F4F57CE-D349-4866-BEE3-FE395CBBA245}
	EndGlobalSection
EndGlobal
